{
  "name": "sanjaya-mcp",
  "version": "0.1.2",
  "lockfileVersion": 3,
  "requires": true,
  "packages": {
    "": {
      "name": "sanjaya-mcp",
      "version": "0.1.2",
      "license": "Apache-2.0",
      "bin": {
        "sanjaya-mcp": "bin/sanjaya-mcp.js"
      },
      "engines": {
        "node": ">=22.13.0"
      }
    }
  }
}
